schema: '2.0'
stages:
  collect:
    cmd: python collect_data.py
    outs:
    - path: data/raw_data.csv
      hash: md5
      md5: 178b35b04210ee6b79599f32573cd584
      size: 5792
  preprocess:
    cmd: python preprocess_data.py
    deps:
    - path: data/raw_data.csv
      hash: md5
      md5: 178b35b04210ee6b79599f32573cd584
      size: 5792
    outs:
    - path: data/processed_data.csv
      hash: md5
      md5: bc9beac73dc7ef70a7ca0be0faebfd75
      size: 10476
  train:
    cmd: python train_model.py
    deps:
    - path: data/processed_data.csv
      hash: md5
      md5: bc9beac73dc7ef70a7ca0be0faebfd75
      size: 10476
    outs:
    - path: models/model.pkl
      hash: md5
      md5: 0cf4884e6fcca2b11cc6e23c1e86f7fa
      size: 905
